
Microsoft Visual Studio Solution File, Format Version 12.00
# Visual Studio 15
VisualStudioVersion = 15.0.26730.16
MinimumVisualStudioVersion = 10.0.40219.1
Project("{2150E333-8FDC-42A3-9474-1A3956D46DE8}") = "Misc", "Misc", "{55819672-21BC-4081-98B6-683372A5B34C}"
	ProjectSection(SolutionItems) = preProject
		..\.editorconfig = ..\.editorconfig
		..\CHANGELOG.md = ..\CHANGELOG.md
		..\README.md = ..\README.md
	EndProjectSection
EndProject
Project("{9A19103F-16F7-4668-BE54-9A1E7A4F7556}") = "TextToSpeech.Plugin", "TextToSpeech.Plugin\TextToSpeech.Plugin.csproj", "{89C2004C-7253-4C94-A7EB-B9B3924D49C1}"
EndProject
Project("{2150E333-8FDC-42A3-9474-1A3956D46DE8}") = "Samples", "Samples", "{25E081CD-0B81-4F60-A864-CF12E6DB52C2}"
EndProject
Project("{9A19103F-16F7-4668-BE54-9A1E7A4F7556}") = "Samples", "Samples\Samples.csproj", "{943F65BE-006C-4518-A03E-779E8FD890DF}"
EndProject
Project("{FAE04EC0-301F-11D3-BF4B-00C04F79EFBC}") = "Samples.Droid", "Samples.Droid\Samples.Droid.csproj", "{CBD930D5-F009-4F3C-9F66-9DDFED94EE07}"
EndProject
Project("{FAE04EC0-301F-11D3-BF4B-00C04F79EFBC}") = "Samples.iOS", "Samples.iOS\Samples.iOS.csproj", "{0B34DA4C-9B5C-42CD-A764-53449A90D7B0}"
EndProject
Project("{FAE04EC0-301F-11D3-BF4B-00C04F79EFBC}") = "Samples.Mac", "Samples.Mac\Samples.Mac.csproj", "{1B2F1C41-DA6F-473E-8522-3EE2C33F0095}"
EndProject
Project("{FAE04EC0-301F-11D3-BF4B-00C04F79EFBC}") = "Samples.tvOS", "Samples.tvOS\Samples.tvOS.csproj", "{C9F39806-0975-43AD-BFAF-EA9D2A042CBE}"
EndProject
Project("{FAE04EC0-301F-11D3-BF4B-00C04F79EFBC}") = "Samples.UWP", "Samples.UWP\Samples.UWP.csproj", "{CA4C7E35-BFAE-4E73-8773-27F24E3C32E8}"
EndProject
Global
	GlobalSection(SolutionConfigurationPlatforms) = preSolution
		Ad-Hoc|Any CPU = Ad-Hoc|Any CPU
		Ad-Hoc|ARM = Ad-Hoc|ARM
		Ad-Hoc|iPhone = Ad-Hoc|iPhone
		Ad-Hoc|iPhoneSimulator = Ad-Hoc|iPhoneSimulator
		Ad-Hoc|Mixed Platforms = Ad-Hoc|Mixed Platforms
		Ad-Hoc|x64 = Ad-Hoc|x64
		Ad-Hoc|x86 = Ad-Hoc|x86
		AppStore|Any CPU = AppStore|Any CPU
		AppStore|ARM = AppStore|ARM
		AppStore|iPhone = AppStore|iPhone
		AppStore|iPhoneSimulator = AppStore|iPhoneSimulator
		AppStore|Mixed Platforms = AppStore|Mixed Platforms
		AppStore|x64 = AppStore|x64
		AppStore|x86 = AppStore|x86
		Debug|Any CPU = Debug|Any CPU
		Debug|ARM = Debug|ARM
		Debug|iPhone = Debug|iPhone
		Debug|iPhoneSimulator = Debug|iPhoneSimulator
		Debug|Mixed Platforms = Debug|Mixed Platforms
		Debug|x64 = Debug|x64
		Debug|x86 = Debug|x86
		Release|Any CPU = Release|Any CPU
		Release|ARM = Release|ARM
		Release|iPhone = Release|iPhone
		Release|iPhoneSimulator = Release|iPhoneSimulator
		Release|Mixed Platforms = Release|Mixed Platforms
		Release|x64 = Release|x64
		Release|x86 = Release|x86
	EndGlobalSection
	GlobalSection(ProjectConfigurationPlatforms) = postSolution
		{89C2004C-7253-4C94-A7EB-B9B3924D49C1}.Ad-Hoc|Any CPU.ActiveCfg = Debug|Any CPU
		{89C2004C-7253-4C94-A7EB-B9B3924D49C1}.Ad-Hoc|Any CPU.Build.0 = Debug|Any CPU
		{89C2004C-7253-4C94-A7EB-B9B3924D49C1}.Ad-Hoc|ARM.ActiveCfg = Debug|Any CPU
		{89C2004C-7253-4C94-A7EB-B9B3924D49C1}.Ad-Hoc|ARM.Build.0 = Debug|Any CPU
		{89C2004C-7253-4C94-A7EB-B9B3924D49C1}.Ad-Hoc|iPhone.ActiveCfg = Debug|Any CPU
		{89C2004C-7253-4C94-A7EB-B9B3924D49C1}.Ad-Hoc|iPhone.Build.0 = Debug|Any CPU
		{89C2004C-7253-4C94-A7EB-B9B3924D49C1}.Ad-Hoc|iPhoneSimulator.ActiveCfg = Debug|Any CPU
		{89C2004C-7253-4C94-A7EB-B9B3924D49C1}.Ad-Hoc|iPhoneSimulator.Build.0 = Debug|Any CPU
		{89C2004C-7253-4C94-A7EB-B9B3924D49C1}.Ad-Hoc|Mixed Platforms.ActiveCfg = Debug|Any CPU
		{89C2004C-7253-4C94-A7EB-B9B3924D49C1}.Ad-Hoc|Mixed Platforms.Build.0 = Debug|Any CPU
		{89C2004C-7253-4C94-A7EB-B9B3924D49C1}.Ad-Hoc|x64.ActiveCfg = Debug|Any CPU
		{89C2004C-7253-4C94-A7EB-B9B3924D49C1}.Ad-Hoc|x64.Build.0 = Debug|Any CPU
		{89C2004C-7253-4C94-A7EB-B9B3924D49C1}.Ad-Hoc|x86.ActiveCfg = Debug|Any CPU
		{89C2004C-7253-4C94-A7EB-B9B3924D49C1}.Ad-Hoc|x86.Build.0 = Debug|Any CPU
		{89C2004C-7253-4C94-A7EB-B9B3924D49C1}.AppStore|Any CPU.ActiveCfg = Debug|Any CPU
		{89C2004C-7253-4C94-A7EB-B9B3924D49C1}.AppStore|Any CPU.Build.0 = Debug|Any CPU
		{89C2004C-7253-4C94-A7EB-B9B3924D49C1}.AppStore|ARM.ActiveCfg = Debug|Any CPU
		{89C2004C-7253-4C94-A7EB-B9B3924D49C1}.AppStore|ARM.Build.0 = Debug|Any CPU
		{89C2004C-7253-4C94-A7EB-B9B3924D49C1}.AppStore|iPhone.ActiveCfg = Debug|Any CPU
		{89C2004C-7253-4C94-A7EB-B9B3924D49C1}.AppStore|iPhone.Build.0 = Debug|Any CPU
		{89C2004C-7253-4C94-A7EB-B9B3924D49C1}.AppStore|iPhoneSimulator.ActiveCfg = Debug|Any CPU
		{89C2004C-7253-4C94-A7EB-B9B3924D49C1}.AppStore|iPhoneSimulator.Build.0 = Debug|Any CPU
		{89C2004C-7253-4C94-A7EB-B9B3924D49C1}.AppStore|Mixed Platforms.ActiveCfg = Debug|Any CPU
		{89C2004C-7253-4C94-A7EB-B9B3924D49C1}.AppStore|Mixed Platforms.Build.0 = Debug|Any CPU
		{89C2004C-7253-4C94-A7EB-B9B3924D49C1}.AppStore|x64.ActiveCfg = Debug|Any CPU
		{89C2004C-7253-4C94-A7EB-B9B3924D49C1}.AppStore|x64.Build.0 = Debug|Any CPU
		{89C2004C-7253-4C94-A7EB-B9B3924D49C1}.AppStore|x86.ActiveCfg = Debug|Any CPU
		{89C2004C-7253-4C94-A7EB-B9B3924D49C1}.AppStore|x86.Build.0 = Debug|Any CPU
		{89C2004C-7253-4C94-A7EB-B9B3924D49C1}.Debug|Any CPU.ActiveCfg = Debug|Any CPU
		{89C2004C-7253-4C94-A7EB-B9B3924D49C1}.Debug|Any CPU.Build.0 = Debug|Any CPU
		{89C2004C-7253-4C94-A7EB-B9B3924D49C1}.Debug|ARM.ActiveCfg = Debug|Any CPU
		{89C2004C-7253-4C94-A7EB-B9B3924D49C1}.Debug|ARM.Build.0 = Debug|Any CPU
		{89C2004C-7253-4C94-A7EB-B9B3924D49C1}.Debug|iPhone.ActiveCfg = Debug|Any CPU
		{89C2004C-7253-4C94-A7EB-B9B3924D49C1}.Debug|iPhone.Build.0 = Debug|Any CPU
		{89C2004C-7253-4C94-A7EB-B9B3924D49C1}.Debug|iPhoneSimulator.ActiveCfg = Debug|Any CPU
		{89C2004C-7253-4C94-A7EB-B9B3924D49C1}.Debug|iPhoneSimulator.Build.0 = Debug|Any CPU
		{89C2004C-7253-4C94-A7EB-B9B3924D49C1}.Debug|Mixed Platforms.ActiveCfg = Debug|Any CPU
		{89C2004C-7253-4C94-A7EB-B9B3924D49C1}.Debug|Mixed Platforms.Build.0 = Debug|Any CPU
		{89C2004C-7253-4C94-A7EB-B9B3924D49C1}.Debug|x64.ActiveCfg = Debug|Any CPU
		{89C2004C-7253-4C94-A7EB-B9B3924D49C1}.Debug|x64.Build.0 = Debug|Any CPU
		{89C2004C-7253-4C94-A7EB-B9B3924D49C1}.Debug|x86.ActiveCfg = Debug|Any CPU
		{89C2004C-7253-4C94-A7EB-B9B3924D49C1}.Debug|x86.Build.0 = Debug|Any CPU
		{89C2004C-7253-4C94-A7EB-B9B3924D49C1}.Release|Any CPU.ActiveCfg = Release|Any CPU
		{89C2004C-7253-4C94-A7EB-B9B3924D49C1}.Release|Any CPU.Build.0 = Release|Any CPU
		{89C2004C-7253-4C94-A7EB-B9B3924D49C1}.Release|ARM.ActiveCfg = Release|Any CPU
		{89C2004C-7253-4C94-A7EB-B9B3924D49C1}.Release|ARM.Build.0 = Release|Any CPU
		{89C2004C-7253-4C94-A7EB-B9B3924D49C1}.Release|iPhone.ActiveCfg = Release|Any CPU
		{89C2004C-7253-4C94-A7EB-B9B3924D49C1}.Release|iPhone.Build.0 = Release|Any CPU
		{89C2004C-7253-4C94-A7EB-B9B3924D49C1}.Release|iPhoneSimulator.ActiveCfg = Release|Any CPU
		{89C2004C-7253-4C94-A7EB-B9B3924D49C1}.Release|iPhoneSimulator.Build.0 = Release|Any CPU
		{89C2004C-7253-4C94-A7EB-B9B3924D49C1}.Release|Mixed Platforms.ActiveCfg = Release|Any CPU
		{89C2004C-7253-4C94-A7EB-B9B3924D49C1}.Release|Mixed Platforms.Build.0 = Release|Any CPU
		{89C2004C-7253-4C94-A7EB-B9B3924D49C1}.Release|x64.ActiveCfg = Release|Any CPU
		{89C2004C-7253-4C94-A7EB-B9B3924D49C1}.Release|x64.Build.0 = Release|Any CPU
		{89C2004C-7253-4C94-A7EB-B9B3924D49C1}.Release|x86.ActiveCfg = Release|Any CPU
		{89C2004C-7253-4C94-A7EB-B9B3924D49C1}.Release|x86.Build.0 = Release|Any CPU
		{943F65BE-006C-4518-A03E-779E8FD890DF}.Ad-Hoc|Any CPU.ActiveCfg = Debug|Any CPU
		{943F65BE-006C-4518-A03E-779E8FD890DF}.Ad-Hoc|Any CPU.Build.0 = Debug|Any CPU
		{943F65BE-006C-4518-A03E-779E8FD890DF}.Ad-Hoc|ARM.ActiveCfg = Debug|Any CPU
		{943F65BE-006C-4518-A03E-779E8FD890DF}.Ad-Hoc|ARM.Build.0 = Debug|Any CPU
		{943F65BE-006C-4518-A03E-779E8FD890DF}.Ad-Hoc|iPhone.ActiveCfg = Debug|Any CPU
		{943F65BE-006C-4518-A03E-779E8FD890DF}.Ad-Hoc|iPhone.Build.0 = Debug|Any CPU
		{943F65BE-006C-4518-A03E-779E8FD890DF}.Ad-Hoc|iPhoneSimulator.ActiveCfg = Debug|Any CPU
		{943F65BE-006C-4518-A03E-779E8FD890DF}.Ad-Hoc|iPhoneSimulator.Build.0 = Debug|Any CPU
		{943F65BE-006C-4518-A03E-779E8FD890DF}.Ad-Hoc|Mixed Platforms.ActiveCfg = Debug|Any CPU
		{943F65BE-006C-4518-A03E-779E8FD890DF}.Ad-Hoc|Mixed Platforms.Build.0 = Debug|Any CPU
		{943F65BE-006C-4518-A03E-779E8FD890DF}.Ad-Hoc|x64.ActiveCfg = Debug|Any CPU
		{943F65BE-006C-4518-A03E-779E8FD890DF}.Ad-Hoc|x64.Build.0 = Debug|Any CPU
		{943F65BE-006C-4518-A03E-779E8FD890DF}.Ad-Hoc|x86.ActiveCfg = Debug|Any CPU
		{943F65BE-006C-4518-A03E-779E8FD890DF}.Ad-Hoc|x86.Build.0 = Debug|Any CPU
		{943F65BE-006C-4518-A03E-779E8FD890DF}.AppStore|Any CPU.ActiveCfg = Debug|Any CPU
		{943F65BE-006C-4518-A03E-779E8FD890DF}.AppStore|Any CPU.Build.0 = Debug|Any CPU
		{943F65BE-006C-4518-A03E-779E8FD890DF}.AppStore|ARM.ActiveCfg = Debug|Any CPU
		{943F65BE-006C-4518-A03E-779E8FD890DF}.AppStore|ARM.Build.0 = Debug|Any CPU
		{943F65BE-006C-4518-A03E-779E8FD890DF}.AppStore|iPhone.ActiveCfg = Debug|Any CPU
		{943F65BE-006C-4518-A03E-779E8FD890DF}.AppStore|iPhone.Build.0 = Debug|Any CPU
		{943F65BE-006C-4518-A03E-779E8FD890DF}.AppStore|iPhoneSimulator.ActiveCfg = Debug|Any CPU
		{943F65BE-006C-4518-A03E-779E8FD890DF}.AppStore|iPhoneSimulator.Build.0 = Debug|Any CPU
		{943F65BE-006C-4518-A03E-779E8FD890DF}.AppStore|Mixed Platforms.ActiveCfg = Debug|Any CPU
		{943F65BE-006C-4518-A03E-779E8FD890DF}.AppStore|Mixed Platforms.Build.0 = Debug|Any CPU
		{943F65BE-006C-4518-A03E-779E8FD890DF}.AppStore|x64.ActiveCfg = Debug|Any CPU
		{943F65BE-006C-4518-A03E-779E8FD890DF}.AppStore|x64.Build.0 = Debug|Any CPU
		{943F65BE-006C-4518-A03E-779E8FD890DF}.AppStore|x86.ActiveCfg = Debug|Any CPU
		{943F65BE-006C-4518-A03E-779E8FD890DF}.AppStore|x86.Build.0 = Debug|Any CPU
		{943F65BE-006C-4518-A03E-779E8FD890DF}.Debug|Any CPU.ActiveCfg = Debug|Any CPU
		{943F65BE-006C-4518-A03E-779E8FD890DF}.Debug|Any CPU.Build.0 = Debug|Any CPU
		{943F65BE-006C-4518-A03E-779E8FD890DF}.Debug|ARM.ActiveCfg = Debug|Any CPU
		{943F65BE-006C-4518-A03E-779E8FD890DF}.Debug|ARM.Build.0 = Debug|Any CPU
		{943F65BE-006C-4518-A03E-779E8FD890DF}.Debug|iPhone.ActiveCfg = Debug|Any CPU
		{943F65BE-006C-4518-A03E-779E8FD890DF}.Debug|iPhone.Build.0 = Debug|Any CPU
		{943F65BE-006C-4518-A03E-779E8FD890DF}.Debug|iPhoneSimulator.ActiveCfg = Debug|Any CPU
		{943F65BE-006C-4518-A03E-779E8FD890DF}.Debug|iPhoneSimulator.Build.0 = Debug|Any CPU
		{943F65BE-006C-4518-A03E-779E8FD890DF}.Debug|Mixed Platforms.ActiveCfg = Debug|Any CPU
		{943F65BE-006C-4518-A03E-779E8FD890DF}.Debug|Mixed Platforms.Build.0 = Debug|Any CPU
		{943F65BE-006C-4518-A03E-779E8FD890DF}.Debug|x64.ActiveCfg = Debug|Any CPU
		{943F65BE-006C-4518-A03E-779E8FD890DF}.Debug|x64.Build.0 = Debug|Any CPU
		{943F65BE-006C-4518-A03E-779E8FD890DF}.Debug|x86.ActiveCfg = Debug|Any CPU
		{943F65BE-006C-4518-A03E-779E8FD890DF}.Debug|x86.Build.0 = Debug|Any CPU
		{943F65BE-006C-4518-A03E-779E8FD890DF}.Release|Any CPU.ActiveCfg = Release|Any CPU
		{943F65BE-006C-4518-A03E-779E8FD890DF}.Release|Any CPU.Build.0 = Release|Any CPU
		{943F65BE-006C-4518-A03E-779E8FD890DF}.Release|ARM.ActiveCfg = Release|Any CPU
		{943F65BE-006C-4518-A03E-779E8FD890DF}.Release|ARM.Build.0 = Release|Any CPU
		{943F65BE-006C-4518-A03E-779E8FD890DF}.Release|iPhone.ActiveCfg = Release|Any CPU
		{943F65BE-006C-4518-A03E-779E8FD890DF}.Release|iPhone.Build.0 = Release|Any CPU
		{943F65BE-006C-4518-A03E-779E8FD890DF}.Release|iPhoneSimulator.ActiveCfg = Release|Any CPU
		{943F65BE-006C-4518-A03E-779E8FD890DF}.Release|iPhoneSimulator.Build.0 = Release|Any CPU
		{943F65BE-006C-4518-A03E-779E8FD890DF}.Release|Mixed Platforms.ActiveCfg = Release|Any CPU
		{943F65BE-006C-4518-A03E-779E8FD890DF}.Release|Mixed Platforms.Build.0 = Release|Any CPU
		{943F65BE-006C-4518-A03E-779E8FD890DF}.Release|x64.ActiveCfg = Release|Any CPU
		{943F65BE-006C-4518-A03E-779E8FD890DF}.Release|x64.Build.0 = Release|Any CPU
		{943F65BE-006C-4518-A03E-779E8FD890DF}.Release|x86.ActiveCfg = Release|Any CPU
		{943F65BE-006C-4518-A03E-779E8FD890DF}.Release|x86.Build.0 = Release|Any CPU
		{CBD930D5-F009-4F3C-9F66-9DDFED94EE07}.Ad-Hoc|Any CPU.ActiveCfg = Release|Any CPU
		{CBD930D5-F009-4F3C-9F66-9DDFED94EE07}.Ad-Hoc|Any CPU.Build.0 = Release|Any CPU
		{CBD930D5-F009-4F3C-9F66-9DDFED94EE07}.Ad-Hoc|Any CPU.Deploy.0 = Release|Any CPU
		{CBD930D5-F009-4F3C-9F66-9DDFED94EE07}.Ad-Hoc|ARM.ActiveCfg = Release|Any CPU
		{CBD930D5-F009-4F3C-9F66-9DDFED94EE07}.Ad-Hoc|ARM.Build.0 = Release|Any CPU
		{CBD930D5-F009-4F3C-9F66-9DDFED94EE07}.Ad-Hoc|ARM.Deploy.0 = Release|Any CPU
		{CBD930D5-F009-4F3C-9F66-9DDFED94EE07}.Ad-Hoc|iPhone.ActiveCfg = Release|Any CPU
		{CBD930D5-F009-4F3C-9F66-9DDFED94EE07}.Ad-Hoc|iPhone.Build.0 = Release|Any CPU
		{CBD930D5-F009-4F3C-9F66-9DDFED94EE07}.Ad-Hoc|iPhone.Deploy.0 = Release|Any CPU
		{CBD930D5-F009-4F3C-9F66-9DDFED94EE07}.Ad-Hoc|iPhoneSimulator.ActiveCfg = Release|Any CPU
		{CBD930D5-F009-4F3C-9F66-9DDFED94EE07}.Ad-Hoc|iPhoneSimulator.Build.0 = Release|Any CPU
		{CBD930D5-F009-4F3C-9F66-9DDFED94EE07}.Ad-Hoc|iPhoneSimulator.Deploy.0 = Release|Any CPU
		{CBD930D5-F009-4F3C-9F66-9DDFED94EE07}.Ad-Hoc|Mixed Platforms.ActiveCfg = Release|Any CPU
		{CBD930D5-F009-4F3C-9F66-9DDFED94EE07}.Ad-Hoc|Mixed Platforms.Build.0 = Release|Any CPU
		{CBD930D5-F009-4F3C-9F66-9DDFED94EE07}.Ad-Hoc|Mixed Platforms.Deploy.0 = Release|Any CPU
		{CBD930D5-F009-4F3C-9F66-9DDFED94EE07}.Ad-Hoc|x64.ActiveCfg = Release|Any CPU
		{CBD930D5-F009-4F3C-9F66-9DDFED94EE07}.Ad-Hoc|x64.Build.0 = Release|Any CPU
		{CBD930D5-F009-4F3C-9F66-9DDFED94EE07}.Ad-Hoc|x64.Deploy.0 = Release|Any CPU
		{CBD930D5-F009-4F3C-9F66-9DDFED94EE07}.Ad-Hoc|x86.ActiveCfg = Release|Any CPU
		{CBD930D5-F009-4F3C-9F66-9DDFED94EE07}.Ad-Hoc|x86.Build.0 = Release|Any CPU
		{CBD930D5-F009-4F3C-9F66-9DDFED94EE07}.Ad-Hoc|x86.Deploy.0 = Release|Any CPU
		{CBD930D5-F009-4F3C-9F66-9DDFED94EE07}.AppStore|Any CPU.ActiveCfg = Release|Any CPU
		{CBD930D5-F009-4F3C-9F66-9DDFED94EE07}.AppStore|Any CPU.Build.0 = Release|Any CPU
		{CBD930D5-F009-4F3C-9F66-9DDFED94EE07}.AppStore|Any CPU.Deploy.0 = Release|Any CPU
		{CBD930D5-F009-4F3C-9F66-9DDFED94EE07}.AppStore|ARM.ActiveCfg = Release|Any CPU
		{CBD930D5-F009-4F3C-9F66-9DDFED94EE07}.AppStore|ARM.Build.0 = Release|Any CPU
		{CBD930D5-F009-4F3C-9F66-9DDFED94EE07}.AppStore|ARM.Deploy.0 = Release|Any CPU
		{CBD930D5-F009-4F3C-9F66-9DDFED94EE07}.AppStore|iPhone.ActiveCfg = Release|Any CPU
		{CBD930D5-F009-4F3C-9F66-9DDFED94EE07}.AppStore|iPhone.Build.0 = Release|Any CPU
		{CBD930D5-F009-4F3C-9F66-9DDFED94EE07}.AppStore|iPhone.Deploy.0 = Release|Any CPU
		{CBD930D5-F009-4F3C-9F66-9DDFED94EE07}.AppStore|iPhoneSimulator.ActiveCfg = Release|Any CPU
		{CBD930D5-F009-4F3C-9F66-9DDFED94EE07}.AppStore|iPhoneSimulator.Build.0 = Release|Any CPU
		{CBD930D5-F009-4F3C-9F66-9DDFED94EE07}.AppStore|iPhoneSimulator.Deploy.0 = Release|Any CPU
		{CBD930D5-F009-4F3C-9F66-9DDFED94EE07}.AppStore|Mixed Platforms.ActiveCfg = Release|Any CPU
		{CBD930D5-F009-4F3C-9F66-9DDFED94EE07}.AppStore|Mixed Platforms.Build.0 = Release|Any CPU
		{CBD930D5-F009-4F3C-9F66-9DDFED94EE07}.AppStore|Mixed Platforms.Deploy.0 = Release|Any CPU
		{CBD930D5-F009-4F3C-9F66-9DDFED94EE07}.AppStore|x64.ActiveCfg = Release|Any CPU
		{CBD930D5-F009-4F3C-9F66-9DDFED94EE07}.AppStore|x64.Build.0 = Release|Any CPU
		{CBD930D5-F009-4F3C-9F66-9DDFED94EE07}.AppStore|x64.Deploy.0 = Release|Any CPU
		{CBD930D5-F009-4F3C-9F66-9DDFED94EE07}.AppStore|x86.ActiveCfg = Release|Any CPU
		{CBD930D5-F009-4F3C-9F66-9DDFED94EE07}.AppStore|x86.Build.0 = Release|Any CPU
		{CBD930D5-F009-4F3C-9F66-9DDFED94EE07}.AppStore|x86.Deploy.0 = Release|Any CPU
		{CBD930D5-F009-4F3C-9F66-9DDFED94EE07}.Debug|Any CPU.ActiveCfg = Debug|Any CPU
		{CBD930D5-F009-4F3C-9F66-9DDFED94EE07}.Debug|Any CPU.Build.0 = Debug|Any CPU
		{CBD930D5-F009-4F3C-9F66-9DDFED94EE07}.Debug|Any CPU.Deploy.0 = Debug|Any CPU
		{CBD930D5-F009-4F3C-9F66-9DDFED94EE07}.Debug|ARM.ActiveCfg = Debug|Any CPU
		{CBD930D5-F009-4F3C-9F66-9DDFED94EE07}.Debug|ARM.Build.0 = Debug|Any CPU
		{CBD930D5-F009-4F3C-9F66-9DDFED94EE07}.Debug|ARM.Deploy.0 = Debug|Any CPU
		{CBD930D5-F009-4F3C-9F66-9DDFED94EE07}.Debug|iPhone.ActiveCfg = Debug|Any CPU
		{CBD930D5-F009-4F3C-9F66-9DDFED94EE07}.Debug|iPhone.Build.0 = Debug|Any CPU
		{CBD930D5-F009-4F3C-9F66-9DDFED94EE07}.Debug|iPhone.Deploy.0 = Debug|Any CPU
		{CBD930D5-F009-4F3C-9F66-9DDFED94EE07}.Debug|iPhoneSimulator.ActiveCfg = Debug|Any CPU
		{CBD930D5-F009-4F3C-9F66-9DDFED94EE07}.Debug|iPhoneSimulator.Build.0 = Debug|Any CPU
		{CBD930D5-F009-4F3C-9F66-9DDFED94EE07}.Debug|iPhoneSimulator.Deploy.0 = Debug|Any CPU
		{CBD930D5-F009-4F3C-9F66-9DDFED94EE07}.Debug|Mixed Platforms.ActiveCfg = Debug|Any CPU
		{CBD930D5-F009-4F3C-9F66-9DDFED94EE07}.Debug|Mixed Platforms.Build.0 = Debug|Any CPU
		{CBD930D5-F009-4F3C-9F66-9DDFED94EE07}.Debug|Mixed Platforms.Deploy.0 = Debug|Any CPU
		{CBD930D5-F009-4F3C-9F66-9DDFED94EE07}.Debug|x64.ActiveCfg = Debug|Any CPU
		{CBD930D5-F009-4F3C-9F66-9DDFED94EE07}.Debug|x64.Build.0 = Debug|Any CPU
		{CBD930D5-F009-4F3C-9F66-9DDFED94EE07}.Debug|x64.Deploy.0 = Debug|Any CPU
		{CBD930D5-F009-4F3C-9F66-9DDFED94EE07}.Debug|x86.ActiveCfg = Debug|Any CPU
		{CBD930D5-F009-4F3C-9F66-9DDFED94EE07}.Debug|x86.Build.0 = Debug|Any CPU
		{CBD930D5-F009-4F3C-9F66-9DDFED94EE07}.Debug|x86.Deploy.0 = Debug|Any CPU
		{CBD930D5-F009-4F3C-9F66-9DDFED94EE07}.Release|Any CPU.ActiveCfg = Release|Any CPU
		{CBD930D5-F009-4F3C-9F66-9DDFED94EE07}.Release|Any CPU.Build.0 = Release|Any CPU
		{CBD930D5-F009-4F3C-9F66-9DDFED94EE07}.Release|Any CPU.Deploy.0 = Release|Any CPU
		{CBD930D5-F009-4F3C-9F66-9DDFED94EE07}.Release|ARM.ActiveCfg = Release|Any CPU
		{CBD930D5-F009-4F3C-9F66-9DDFED94EE07}.Release|ARM.Build.0 = Release|Any CPU
		{CBD930D5-F009-4F3C-9F66-9DDFED94EE07}.Release|ARM.Deploy.0 = Release|Any CPU
		{CBD930D5-F009-4F3C-9F66-9DDFED94EE07}.Release|iPhone.ActiveCfg = Release|Any CPU
		{CBD930D5-F009-4F3C-9F66-9DDFED94EE07}.Release|iPhone.Build.0 = Release|Any CPU
		{CBD930D5-F009-4F3C-9F66-9DDFED94EE07}.Release|iPhone.Deploy.0 = Release|Any CPU
		{CBD930D5-F009-4F3C-9F66-9DDFED94EE07}.Release|iPhoneSimulator.ActiveCfg = Release|Any CPU
		{CBD930D5-F009-4F3C-9F66-9DDFED94EE07}.Release|iPhoneSimulator.Build.0 = Release|Any CPU
		{CBD930D5-F009-4F3C-9F66-9DDFED94EE07}.Release|iPhoneSimulator.Deploy.0 = Release|Any CPU
		{CBD930D5-F009-4F3C-9F66-9DDFED94EE07}.Release|Mixed Platforms.ActiveCfg = Release|Any CPU
		{CBD930D5-F009-4F3C-9F66-9DDFED94EE07}.Release|Mixed Platforms.Build.0 = Release|Any CPU
		{CBD930D5-F009-4F3C-9F66-9DDFED94EE07}.Release|Mixed Platforms.Deploy.0 = Release|Any CPU
		{CBD930D5-F009-4F3C-9F66-9DDFED94EE07}.Release|x64.ActiveCfg = Release|Any CPU
		{CBD930D5-F009-4F3C-9F66-9DDFED94EE07}.Release|x64.Build.0 = Release|Any CPU
		{CBD930D5-F009-4F3C-9F66-9DDFED94EE07}.Release|x64.Deploy.0 = Release|Any CPU
		{CBD930D5-F009-4F3C-9F66-9DDFED94EE07}.Release|x86.ActiveCfg = Release|Any CPU
		{CBD930D5-F009-4F3C-9F66-9DDFED94EE07}.Release|x86.Build.0 = Release|Any CPU
		{CBD930D5-F009-4F3C-9F66-9DDFED94EE07}.Release|x86.Deploy.0 = Release|Any CPU
		{0B34DA4C-9B5C-42CD-A764-53449A90D7B0}.Ad-Hoc|Any CPU.ActiveCfg = Ad-Hoc|iPhone
		{0B34DA4C-9B5C-42CD-A764-53449A90D7B0}.Ad-Hoc|ARM.ActiveCfg = Ad-Hoc|iPhone
		{0B34DA4C-9B5C-42CD-A764-53449A90D7B0}.Ad-Hoc|iPhone.ActiveCfg = Ad-Hoc|iPhone
		{0B34DA4C-9B5C-42CD-A764-53449A90D7B0}.Ad-Hoc|iPhone.Build.0 = Ad-Hoc|iPhone
		{0B34DA4C-9B5C-42CD-A764-53449A90D7B0}.Ad-Hoc|iPhoneSimulator.ActiveCfg = Ad-Hoc|iPhoneSimulator
		{0B34DA4C-9B5C-42CD-A764-53449A90D7B0}.Ad-Hoc|iPhoneSimulator.Build.0 = Ad-Hoc|iPhoneSimulator
		{0B34DA4C-9B5C-42CD-A764-53449A90D7B0}.Ad-Hoc|Mixed Platforms.ActiveCfg = Ad-Hoc|iPhone
		{0B34DA4C-9B5C-42CD-A764-53449A90D7B0}.Ad-Hoc|Mixed Platforms.Build.0 = Ad-Hoc|iPhone
		{0B34DA4C-9B5C-42CD-A764-53449A90D7B0}.Ad-Hoc|x64.ActiveCfg = Ad-Hoc|iPhone
		{0B34DA4C-9B5C-42CD-A764-53449A90D7B0}.Ad-Hoc|x86.ActiveCfg = Ad-Hoc|iPhone
		{0B34DA4C-9B5C-42CD-A764-53449A90D7B0}.AppStore|Any CPU.ActiveCfg = AppStore|iPhone
		{0B34DA4C-9B5C-42CD-A764-53449A90D7B0}.AppStore|ARM.ActiveCfg = AppStore|iPhone
		{0B34DA4C-9B5C-42CD-A764-53449A90D7B0}.AppStore|iPhone.ActiveCfg = AppStore|iPhone
		{0B34DA4C-9B5C-42CD-A764-53449A90D7B0}.AppStore|iPhone.Build.0 = AppStore|iPhone
		{0B34DA4C-9B5C-42CD-A764-53449A90D7B0}.AppStore|iPhoneSimulator.ActiveCfg = AppStore|iPhoneSimulator
		{0B34DA4C-9B5C-42CD-A764-53449A90D7B0}.AppStore|iPhoneSimulator.Build.0 = AppStore|iPhoneSimulator
		{0B34DA4C-9B5C-42CD-A764-53449A90D7B0}.AppStore|Mixed Platforms.ActiveCfg = AppStore|iPhone
		{0B34DA4C-9B5C-42CD-A764-53449A90D7B0}.AppStore|Mixed Platforms.Build.0 = AppStore|iPhone
		{0B34DA4C-9B5C-42CD-A764-53449A90D7B0}.AppStore|x64.ActiveCfg = AppStore|iPhone
		{0B34DA4C-9B5C-42CD-A764-53449A90D7B0}.AppStore|x86.ActiveCfg = AppStore|iPhone
		{0B34DA4C-9B5C-42CD-A764-53449A90D7B0}.Debug|Any CPU.ActiveCfg = Debug|iPhone
		{0B34DA4C-9B5C-42CD-A764-53449A90D7B0}.Debug|ARM.ActiveCfg = Debug|iPhone
		{0B34DA4C-9B5C-42CD-A764-53449A90D7B0}.Debug|iPhone.ActiveCfg = Debug|iPhone
		{0B34DA4C-9B5C-42CD-A764-53449A90D7B0}.Debug|iPhone.Build.0 = Debug|iPhone
		{0B34DA4C-9B5C-42CD-A764-53449A90D7B0}.Debug|iPhoneSimulator.ActiveCfg = Debug|iPhoneSimulator
		{0B34DA4C-9B5C-42CD-A764-53449A90D7B0}.Debug|iPhoneSimulator.Build.0 = Debug|iPhoneSimulator
		{0B34DA4C-9B5C-42CD-A764-53449A90D7B0}.Debug|Mixed Platforms.ActiveCfg = Debug|iPhone
		{0B34DA4C-9B5C-42CD-A764-53449A90D7B0}.Debug|Mixed Platforms.Build.0 = Debug|iPhone
		{0B34DA4C-9B5C-42CD-A764-53449A90D7B0}.Debug|x64.ActiveCfg = Debug|iPhone
		{0B34DA4C-9B5C-42CD-A764-53449A90D7B0}.Debug|x86.ActiveCfg = Debug|iPhone
		{0B34DA4C-9B5C-42CD-A764-53449A90D7B0}.Release|Any CPU.ActiveCfg = Release|iPhone
		{0B34DA4C-9B5C-42CD-A764-53449A90D7B0}.Release|ARM.ActiveCfg = Release|iPhone
		{0B34DA4C-9B5C-42CD-A764-53449A90D7B0}.Release|iPhone.ActiveCfg = Release|iPhone
		{0B34DA4C-9B5C-42CD-A764-53449A90D7B0}.Release|iPhone.Build.0 = Release|iPhone
		{0B34DA4C-9B5C-42CD-A764-53449A90D7B0}.Release|iPhoneSimulator.ActiveCfg = Release|iPhoneSimulator
		{0B34DA4C-9B5C-42CD-A764-53449A90D7B0}.Release|iPhoneSimulator.Build.0 = Release|iPhoneSimulator
		{0B34DA4C-9B5C-42CD-A764-53449A90D7B0}.Release|Mixed Platforms.ActiveCfg = Release|iPhone
		{0B34DA4C-9B5C-42CD-A764-53449A90D7B0}.Release|Mixed Platforms.Build.0 = Release|iPhone
		{0B34DA4C-9B5C-42CD-A764-53449A90D7B0}.Release|x64.ActiveCfg = Release|iPhone
		{0B34DA4C-9B5C-42CD-A764-53449A90D7B0}.Release|x86.ActiveCfg = Release|iPhone
		{1B2F1C41-DA6F-473E-8522-3EE2C33F0095}.Ad-Hoc|Any CPU.ActiveCfg = Release|Any CPU
		{1B2F1C41-DA6F-473E-8522-3EE2C33F0095}.Ad-Hoc|Any CPU.Build.0 = Release|Any CPU
		{1B2F1C41-DA6F-473E-8522-3EE2C33F0095}.Ad-Hoc|ARM.ActiveCfg = Release|Any CPU
		{1B2F1C41-DA6F-473E-8522-3EE2C33F0095}.Ad-Hoc|ARM.Build.0 = Release|Any CPU
		{1B2F1C41-DA6F-473E-8522-3EE2C33F0095}.Ad-Hoc|iPhone.ActiveCfg = Release|Any CPU
		{1B2F1C41-DA6F-473E-8522-3EE2C33F0095}.Ad-Hoc|iPhone.Build.0 = Release|Any CPU
		{1B2F1C41-DA6F-473E-8522-3EE2C33F0095}.Ad-Hoc|iPhoneSimulator.ActiveCfg = Release|Any CPU
		{1B2F1C41-DA6F-473E-8522-3EE2C33F0095}.Ad-Hoc|iPhoneSimulator.Build.0 = Release|Any CPU
		{1B2F1C41-DA6F-473E-8522-3EE2C33F0095}.Ad-Hoc|Mixed Platforms.ActiveCfg = Release|Any CPU
		{1B2F1C41-DA6F-473E-8522-3EE2C33F0095}.Ad-Hoc|Mixed Platforms.Build.0 = Release|Any CPU
		{1B2F1C41-DA6F-473E-8522-3EE2C33F0095}.Ad-Hoc|x64.ActiveCfg = Release|Any CPU
		{1B2F1C41-DA6F-473E-8522-3EE2C33F0095}.Ad-Hoc|x64.Build.0 = Release|Any CPU
		{1B2F1C41-DA6F-473E-8522-3EE2C33F0095}.Ad-Hoc|x86.ActiveCfg = Release|Any CPU
		{1B2F1C41-DA6F-473E-8522-3EE2C33F0095}.Ad-Hoc|x86.Build.0 = Release|Any CPU
		{1B2F1C41-DA6F-473E-8522-3EE2C33F0095}.AppStore|Any CPU.ActiveCfg = Release|Any CPU
		{1B2F1C41-DA6F-473E-8522-3EE2C33F0095}.AppStore|Any CPU.Build.0 = Release|Any CPU
		{1B2F1C41-DA6F-473E-8522-3EE2C33F0095}.AppStore|ARM.ActiveCfg = Release|Any CPU
		{1B2F1C41-DA6F-473E-8522-3EE2C33F0095}.AppStore|ARM.Build.0 = Release|Any CPU
		{1B2F1C41-DA6F-473E-8522-3EE2C33F0095}.AppStore|iPhone.ActiveCfg = Release|Any CPU
		{1B2F1C41-DA6F-473E-8522-3EE2C33F0095}.AppStore|iPhone.Build.0 = Release|Any CPU
		{1B2F1C41-DA6F-473E-8522-3EE2C33F0095}.AppStore|iPhoneSimulator.ActiveCfg = Release|Any CPU
		{1B2F1C41-DA6F-473E-8522-3EE2C33F0095}.AppStore|iPhoneSimulator.Build.0 = Release|Any CPU
		{1B2F1C41-DA6F-473E-8522-3EE2C33F0095}.AppStore|Mixed Platforms.ActiveCfg = Release|Any CPU
		{1B2F1C41-DA6F-473E-8522-3EE2C33F0095}.AppStore|Mixed Platforms.Build.0 = Release|Any CPU
		{1B2F1C41-DA6F-473E-8522-3EE2C33F0095}.AppStore|x64.ActiveCfg = Release|Any CPU
		{1B2F1C41-DA6F-473E-8522-3EE2C33F0095}.AppStore|x64.Build.0 = Release|Any CPU
		{1B2F1C41-DA6F-473E-8522-3EE2C33F0095}.AppStore|x86.ActiveCfg = Release|Any CPU
		{1B2F1C41-DA6F-473E-8522-3EE2C33F0095}.AppStore|x86.Build.0 = Release|Any CPU
		{1B2F1C41-DA6F-473E-8522-3EE2C33F0095}.Debug|Any CPU.ActiveCfg = Debug|Any CPU
		{1B2F1C41-DA6F-473E-8522-3EE2C33F0095}.Debug|Any CPU.Build.0 = Debug|Any CPU
		{1B2F1C41-DA6F-473E-8522-3EE2C33F0095}.Debug|ARM.ActiveCfg = Debug|Any CPU
		{1B2F1C41-DA6F-473E-8522-3EE2C33F0095}.Debug|ARM.Build.0 = Debug|Any CPU
		{1B2F1C41-DA6F-473E-8522-3EE2C33F0095}.Debug|iPhone.ActiveCfg = Debug|Any CPU
		{1B2F1C41-DA6F-473E-8522-3EE2C33F0095}.Debug|iPhone.Build.0 = Debug|Any CPU
		{1B2F1C41-DA6F-473E-8522-3EE2C33F0095}.Debug|iPhoneSimulator.ActiveCfg = Debug|Any CPU
		{1B2F1C41-DA6F-473E-8522-3EE2C33F0095}.Debug|iPhoneSimulator.Build.0 = Debug|Any CPU
		{1B2F1C41-DA6F-473E-8522-3EE2C33F0095}.Debug|Mixed Platforms.ActiveCfg = Debug|Any CPU
		{1B2F1C41-DA6F-473E-8522-3EE2C33F0095}.Debug|Mixed Platforms.Build.0 = Debug|Any CPU
		{1B2F1C41-DA6F-473E-8522-3EE2C33F0095}.Debug|x64.ActiveCfg = Debug|Any CPU
		{1B2F1C41-DA6F-473E-8522-3EE2C33F0095}.Debug|x64.Build.0 = Debug|Any CPU
		{1B2F1C41-DA6F-473E-8522-3EE2C33F0095}.Debug|x86.ActiveCfg = Debug|Any CPU
		{1B2F1C41-DA6F-473E-8522-3EE2C33F0095}.Debug|x86.Build.0 = Debug|Any CPU
		{1B2F1C41-DA6F-473E-8522-3EE2C33F0095}.Release|Any CPU.ActiveCfg = Release|Any CPU
		{1B2F1C41-DA6F-473E-8522-3EE2C33F0095}.Release|Any CPU.Build.0 = Release|Any CPU
		{1B2F1C41-DA6F-473E-8522-3EE2C33F0095}.Release|ARM.ActiveCfg = Release|Any CPU
		{1B2F1C41-DA6F-473E-8522-3EE2C33F0095}.Release|ARM.Build.0 = Release|Any CPU
		{1B2F1C41-DA6F-473E-8522-3EE2C33F0095}.Release|iPhone.ActiveCfg = Release|Any CPU
		{1B2F1C41-DA6F-473E-8522-3EE2C33F0095}.Release|iPhone.Build.0 = Release|Any CPU
		{1B2F1C41-DA6F-473E-8522-3EE2C33F0095}.Release|iPhoneSimulator.ActiveCfg = Release|Any CPU
		{1B2F1C41-DA6F-473E-8522-3EE2C33F0095}.Release|iPhoneSimulator.Build.0 = Release|Any CPU
		{1B2F1C41-DA6F-473E-8522-3EE2C33F0095}.Release|Mixed Platforms.ActiveCfg = Release|Any CPU
		{1B2F1C41-DA6F-473E-8522-3EE2C33F0095}.Release|Mixed Platforms.Build.0 = Release|Any CPU
		{1B2F1C41-DA6F-473E-8522-3EE2C33F0095}.Release|x64.ActiveCfg = Release|Any CPU
		{1B2F1C41-DA6F-473E-8522-3EE2C33F0095}.Release|x64.Build.0 = Release|Any CPU
		{1B2F1C41-DA6F-473E-8522-3EE2C33F0095}.Release|x86.ActiveCfg = Release|Any CPU
		{1B2F1C41-DA6F-473E-8522-3EE2C33F0095}.Release|x86.Build.0 = Release|Any CPU
		{C9F39806-0975-43AD-BFAF-EA9D2A042CBE}.Ad-Hoc|Any CPU.ActiveCfg = Ad-Hoc|iPhone
		{C9F39806-0975-43AD-BFAF-EA9D2A042CBE}.Ad-Hoc|ARM.ActiveCfg = Ad-Hoc|iPhone
		{C9F39806-0975-43AD-BFAF-EA9D2A042CBE}.Ad-Hoc|iPhone.ActiveCfg = Ad-Hoc|iPhone
		{C9F39806-0975-43AD-BFAF-EA9D2A042CBE}.Ad-Hoc|iPhone.Build.0 = Ad-Hoc|iPhone
		{C9F39806-0975-43AD-BFAF-EA9D2A042CBE}.Ad-Hoc|iPhoneSimulator.ActiveCfg = Ad-Hoc|iPhoneSimulator
		{C9F39806-0975-43AD-BFAF-EA9D2A042CBE}.Ad-Hoc|iPhoneSimulator.Build.0 = Ad-Hoc|iPhoneSimulator
		{C9F39806-0975-43AD-BFAF-EA9D2A042CBE}.Ad-Hoc|Mixed Platforms.ActiveCfg = Ad-Hoc|iPhone
		{C9F39806-0975-43AD-BFAF-EA9D2A042CBE}.Ad-Hoc|Mixed Platforms.Build.0 = Ad-Hoc|iPhone
		{C9F39806-0975-43AD-BFAF-EA9D2A042CBE}.Ad-Hoc|x64.ActiveCfg = Ad-Hoc|iPhone
		{C9F39806-0975-43AD-BFAF-EA9D2A042CBE}.Ad-Hoc|x86.ActiveCfg = Ad-Hoc|iPhone
		{C9F39806-0975-43AD-BFAF-EA9D2A042CBE}.AppStore|Any CPU.ActiveCfg = AppStore|iPhone
		{C9F39806-0975-43AD-BFAF-EA9D2A042CBE}.AppStore|ARM.ActiveCfg = AppStore|iPhone
		{C9F39806-0975-43AD-BFAF-EA9D2A042CBE}.AppStore|iPhone.ActiveCfg = AppStore|iPhone
		{C9F39806-0975-43AD-BFAF-EA9D2A042CBE}.AppStore|iPhone.Build.0 = AppStore|iPhone
		{C9F39806-0975-43AD-BFAF-EA9D2A042CBE}.AppStore|iPhoneSimulator.ActiveCfg = AppStore|iPhoneSimulator
		{C9F39806-0975-43AD-BFAF-EA9D2A042CBE}.AppStore|iPhoneSimulator.Build.0 = AppStore|iPhoneSimulator
		{C9F39806-0975-43AD-BFAF-EA9D2A042CBE}.AppStore|Mixed Platforms.ActiveCfg = AppStore|iPhone
		{C9F39806-0975-43AD-BFAF-EA9D2A042CBE}.AppStore|Mixed Platforms.Build.0 = AppStore|iPhone
		{C9F39806-0975-43AD-BFAF-EA9D2A042CBE}.AppStore|x64.ActiveCfg = AppStore|iPhone
		{C9F39806-0975-43AD-BFAF-EA9D2A042CBE}.AppStore|x86.ActiveCfg = AppStore|iPhone
		{C9F39806-0975-43AD-BFAF-EA9D2A042CBE}.Debug|Any CPU.ActiveCfg = Debug|iPhone
		{C9F39806-0975-43AD-BFAF-EA9D2A042CBE}.Debug|ARM.ActiveCfg = Debug|iPhone
		{C9F39806-0975-43AD-BFAF-EA9D2A042CBE}.Debug|iPhone.ActiveCfg = Debug|iPhone
		{C9F39806-0975-43AD-BFAF-EA9D2A042CBE}.Debug|iPhone.Build.0 = Debug|iPhone
		{C9F39806-0975-43AD-BFAF-EA9D2A042CBE}.Debug|iPhoneSimulator.ActiveCfg = Debug|iPhoneSimulator
		{C9F39806-0975-43AD-BFAF-EA9D2A042CBE}.Debug|iPhoneSimulator.Build.0 = Debug|iPhoneSimulator
		{C9F39806-0975-43AD-BFAF-EA9D2A042CBE}.Debug|Mixed Platforms.ActiveCfg = Debug|iPhone
		{C9F39806-0975-43AD-BFAF-EA9D2A042CBE}.Debug|Mixed Platforms.Build.0 = Debug|iPhone
		{C9F39806-0975-43AD-BFAF-EA9D2A042CBE}.Debug|x64.ActiveCfg = Debug|iPhone
		{C9F39806-0975-43AD-BFAF-EA9D2A042CBE}.Debug|x86.ActiveCfg = Debug|iPhone
		{C9F39806-0975-43AD-BFAF-EA9D2A042CBE}.Release|Any CPU.ActiveCfg = Release|iPhone
		{C9F39806-0975-43AD-BFAF-EA9D2A042CBE}.Release|ARM.ActiveCfg = Release|iPhone
		{C9F39806-0975-43AD-BFAF-EA9D2A042CBE}.Release|iPhone.ActiveCfg = Release|iPhone
		{C9F39806-0975-43AD-BFAF-EA9D2A042CBE}.Release|iPhone.Build.0 = Release|iPhone
		{C9F39806-0975-43AD-BFAF-EA9D2A042CBE}.Release|iPhoneSimulator.ActiveCfg = Release|iPhoneSimulator
		{C9F39806-0975-43AD-BFAF-EA9D2A042CBE}.Release|iPhoneSimulator.Build.0 = Release|iPhoneSimulator
		{C9F39806-0975-43AD-BFAF-EA9D2A042CBE}.Release|Mixed Platforms.ActiveCfg = Release|iPhone
		{C9F39806-0975-43AD-BFAF-EA9D2A042CBE}.Release|Mixed Platforms.Build.0 = Release|iPhone
		{C9F39806-0975-43AD-BFAF-EA9D2A042CBE}.Release|x64.ActiveCfg = Release|iPhone
		{C9F39806-0975-43AD-BFAF-EA9D2A042CBE}.Release|x86.ActiveCfg = Release|iPhone
		{CA4C7E35-BFAE-4E73-8773-27F24E3C32E8}.Ad-Hoc|Any CPU.ActiveCfg = Release|x86
		{CA4C7E35-BFAE-4E73-8773-27F24E3C32E8}.Ad-Hoc|Any CPU.Build.0 = Release|x86
		{CA4C7E35-BFAE-4E73-8773-27F24E3C32E8}.Ad-Hoc|Any CPU.Deploy.0 = Release|x86
		{CA4C7E35-BFAE-4E73-8773-27F24E3C32E8}.Ad-Hoc|ARM.ActiveCfg = Release|ARM
		{CA4C7E35-BFAE-4E73-8773-27F24E3C32E8}.Ad-Hoc|ARM.Build.0 = Release|ARM
		{CA4C7E35-BFAE-4E73-8773-27F24E3C32E8}.Ad-Hoc|ARM.Deploy.0 = Release|ARM
		{CA4C7E35-BFAE-4E73-8773-27F24E3C32E8}.Ad-Hoc|iPhone.ActiveCfg = Release|x86
		{CA4C7E35-BFAE-4E73-8773-27F24E3C32E8}.Ad-Hoc|iPhone.Build.0 = Release|x86
		{CA4C7E35-BFAE-4E73-8773-27F24E3C32E8}.Ad-Hoc|iPhone.Deploy.0 = Release|x86
		{CA4C7E35-BFAE-4E73-8773-27F24E3C32E8}.Ad-Hoc|iPhoneSimulator.ActiveCfg = Release|x86
		{CA4C7E35-BFAE-4E73-8773-27F24E3C32E8}.Ad-Hoc|iPhoneSimulator.Build.0 = Release|x86
		{CA4C7E35-BFAE-4E73-8773-27F24E3C32E8}.Ad-Hoc|iPhoneSimulator.Deploy.0 = Release|x86
		{CA4C7E35-BFAE-4E73-8773-27F24E3C32E8}.Ad-Hoc|Mixed Platforms.ActiveCfg = Release|x86
		{CA4C7E35-BFAE-4E73-8773-27F24E3C32E8}.Ad-Hoc|Mixed Platforms.Build.0 = Release|x86
		{CA4C7E35-BFAE-4E73-8773-27F24E3C32E8}.Ad-Hoc|Mixed Platforms.Deploy.0 = Release|x86
		{CA4C7E35-BFAE-4E73-8773-27F24E3C32E8}.Ad-Hoc|x64.ActiveCfg = Release|x64
		{CA4C7E35-BFAE-4E73-8773-27F24E3C32E8}.Ad-Hoc|x64.Build.0 = Release|x64
		{CA4C7E35-BFAE-4E73-8773-27F24E3C32E8}.Ad-Hoc|x64.Deploy.0 = Release|x64
		{CA4C7E35-BFAE-4E73-8773-27F24E3C32E8}.Ad-Hoc|x86.ActiveCfg = Release|x86
		{CA4C7E35-BFAE-4E73-8773-27F24E3C32E8}.Ad-Hoc|x86.Build.0 = Release|x86
		{CA4C7E35-BFAE-4E73-8773-27F24E3C32E8}.Ad-Hoc|x86.Deploy.0 = Release|x86
		{CA4C7E35-BFAE-4E73-8773-27F24E3C32E8}.AppStore|Any CPU.ActiveCfg = Release|x86
		{CA4C7E35-BFAE-4E73-8773-27F24E3C32E8}.AppStore|Any CPU.Build.0 = Release|x86
		{CA4C7E35-BFAE-4E73-8773-27F24E3C32E8}.AppStore|Any CPU.Deploy.0 = Release|x86
		{CA4C7E35-BFAE-4E73-8773-27F24E3C32E8}.AppStore|ARM.ActiveCfg = Release|ARM
		{CA4C7E35-BFAE-4E73-8773-27F24E3C32E8}.AppStore|ARM.Build.0 = Release|ARM
		{CA4C7E35-BFAE-4E73-8773-27F24E3C32E8}.AppStore|ARM.Deploy.0 = Release|ARM
		{CA4C7E35-BFAE-4E73-8773-27F24E3C32E8}.AppStore|iPhone.ActiveCfg = Release|x86
		{CA4C7E35-BFAE-4E73-8773-27F24E3C32E8}.AppStore|iPhone.Build.0 = Release|x86
		{CA4C7E35-BFAE-4E73-8773-27F24E3C32E8}.AppStore|iPhone.Deploy.0 = Release|x86
		{CA4C7E35-BFAE-4E73-8773-27F24E3C32E8}.AppStore|iPhoneSimulator.ActiveCfg = Release|x86
		{CA4C7E35-BFAE-4E73-8773-27F24E3C32E8}.AppStore|iPhoneSimulator.Build.0 = Release|x86
		{CA4C7E35-BFAE-4E73-8773-27F24E3C32E8}.AppStore|iPhoneSimulator.Deploy.0 = Release|x86
		{CA4C7E35-BFAE-4E73-8773-27F24E3C32E8}.AppStore|Mixed Platforms.ActiveCfg = Release|x86
		{CA4C7E35-BFAE-4E73-8773-27F24E3C32E8}.AppStore|Mixed Platforms.Build.0 = Release|x86
		{CA4C7E35-BFAE-4E73-8773-27F24E3C32E8}.AppStore|Mixed Platforms.Deploy.0 = Release|x86
		{CA4C7E35-BFAE-4E73-8773-27F24E3C32E8}.AppStore|x64.ActiveCfg = Release|x64
		{CA4C7E35-BFAE-4E73-8773-27F24E3C32E8}.AppStore|x64.Build.0 = Release|x64
		{CA4C7E35-BFAE-4E73-8773-27F24E3C32E8}.AppStore|x64.Deploy.0 = Release|x64
		{CA4C7E35-BFAE-4E73-8773-27F24E3C32E8}.AppStore|x86.ActiveCfg = Release|x86
		{CA4C7E35-BFAE-4E73-8773-27F24E3C32E8}.AppStore|x86.Build.0 = Release|x86
		{CA4C7E35-BFAE-4E73-8773-27F24E3C32E8}.AppStore|x86.Deploy.0 = Release|x86
		{CA4C7E35-BFAE-4E73-8773-27F24E3C32E8}.Debug|Any CPU.ActiveCfg = Debug|x86
		{CA4C7E35-BFAE-4E73-8773-27F24E3C32E8}.Debug|ARM.ActiveCfg = Debug|ARM
		{CA4C7E35-BFAE-4E73-8773-27F24E3C32E8}.Debug|ARM.Build.0 = Debug|ARM
		{CA4C7E35-BFAE-4E73-8773-27F24E3C32E8}.Debug|ARM.Deploy.0 = Debug|ARM
		{CA4C7E35-BFAE-4E73-8773-27F24E3C32E8}.Debug|iPhone.ActiveCfg = Debug|x86
		{CA4C7E35-BFAE-4E73-8773-27F24E3C32E8}.Debug|iPhoneSimulator.ActiveCfg = Debug|x86
		{CA4C7E35-BFAE-4E73-8773-27F24E3C32E8}.Debug|Mixed Platforms.ActiveCfg = Debug|x86
		{CA4C7E35-BFAE-4E73-8773-27F24E3C32E8}.Debug|Mixed Platforms.Build.0 = Debug|x86
		{CA4C7E35-BFAE-4E73-8773-27F24E3C32E8}.Debug|Mixed Platforms.Deploy.0 = Debug|x86
		{CA4C7E35-BFAE-4E73-8773-27F24E3C32E8}.Debug|x64.ActiveCfg = Debug|x64
		{CA4C7E35-BFAE-4E73-8773-27F24E3C32E8}.Debug|x64.Build.0 = Debug|x64
		{CA4C7E35-BFAE-4E73-8773-27F24E3C32E8}.Debug|x64.Deploy.0 = Debug|x64
		{CA4C7E35-BFAE-4E73-8773-27F24E3C32E8}.Debug|x86.ActiveCfg = Debug|x86
		{CA4C7E35-BFAE-4E73-8773-27F24E3C32E8}.Debug|x86.Build.0 = Debug|x86
		{CA4C7E35-BFAE-4E73-8773-27F24E3C32E8}.Debug|x86.Deploy.0 = Debug|x86
		{CA4C7E35-BFAE-4E73-8773-27F24E3C32E8}.Release|Any CPU.ActiveCfg = Release|x86
		{CA4C7E35-BFAE-4E73-8773-27F24E3C32E8}.Release|ARM.ActiveCfg = Release|ARM
		{CA4C7E35-BFAE-4E73-8773-27F24E3C32E8}.Release|ARM.Build.0 = Release|ARM
		{CA4C7E35-BFAE-4E73-8773-27F24E3C32E8}.Release|ARM.Deploy.0 = Release|ARM
		{CA4C7E35-BFAE-4E73-8773-27F24E3C32E8}.Release|iPhone.ActiveCfg = Release|x86
		{CA4C7E35-BFAE-4E73-8773-27F24E3C32E8}.Release|iPhoneSimulator.ActiveCfg = Release|x86
		{CA4C7E35-BFAE-4E73-8773-27F24E3C32E8}.Release|Mixed Platforms.ActiveCfg = Release|x86
		{CA4C7E35-BFAE-4E73-8773-27F24E3C32E8}.Release|Mixed Platforms.Build.0 = Release|x86
		{CA4C7E35-BFAE-4E73-8773-27F24E3C32E8}.Release|Mixed Platforms.Deploy.0 = Release|x86
		{CA4C7E35-BFAE-4E73-8773-27F24E3C32E8}.Release|x64.ActiveCfg = Release|x64
		{CA4C7E35-BFAE-4E73-8773-27F24E3C32E8}.Release|x64.Build.0 = Release|x64
		{CA4C7E35-BFAE-4E73-8773-27F24E3C32E8}.Release|x64.Deploy.0 = Release|x64
		{CA4C7E35-BFAE-4E73-8773-27F24E3C32E8}.Release|x86.ActiveCfg = Release|x86
		{CA4C7E35-BFAE-4E73-8773-27F24E3C32E8}.Release|x86.Build.0 = Release|x86
		{CA4C7E35-BFAE-4E73-8773-27F24E3C32E8}.Release|x86.Deploy.0 = Release|x86
	EndGlobalSection
	GlobalSection(SolutionProperties) = preSolution
		HideSolutionNode = FALSE
	EndGlobalSection
	GlobalSection(NestedProjects) = preSolution
		{943F65BE-006C-4518-A03E-779E8FD890DF} = {25E081CD-0B81-4F60-A864-CF12E6DB52C2}
		{CBD930D5-F009-4F3C-9F66-9DDFED94EE07} = {25E081CD-0B81-4F60-A864-CF12E6DB52C2}
		{0B34DA4C-9B5C-42CD-A764-53449A90D7B0} = {25E081CD-0B81-4F60-A864-CF12E6DB52C2}
		{1B2F1C41-DA6F-473E-8522-3EE2C33F0095} = {25E081CD-0B81-4F60-A864-CF12E6DB52C2}
		{C9F39806-0975-43AD-BFAF-EA9D2A042CBE} = {25E081CD-0B81-4F60-A864-CF12E6DB52C2}
		{CA4C7E35-BFAE-4E73-8773-27F24E3C32E8} = {25E081CD-0B81-4F60-A864-CF12E6DB52C2}
	EndGlobalSection
	GlobalSection(ExtensibilityGlobals) = postSolution
		SolutionGuid = {77A2F814-E2EB-4A8C-97C5-79D826172645}
	EndGlobalSection
EndGlobal
